
Microsoft Visual Studio Solution File, Format Version 12.00
# Visual Studio Version 17
VisualStudioVersion = 17.0.31903.59
MinimumVisualStudioVersion = 10.0.40219.1
Project("{FAE04EC0-301F-11D3-BF4B-00C04F79EFBC}") = "FooApplication", "FooApplication\FooApplication.csproj", "{9C40DDE2-E513-4A45-B52C-68F4871CF1D5}"
EndProject
Project("{FAE04EC0-301F-11D3-BF4B-00C04F79EFBC}") = "FooCore", "FooCore\FooCore.csproj", "{2A29822C-8E49-4957-91DA-C2B0EFD7AFCD}"
EndProject
Project("{FAE04EC0-301F-11D3-BF4B-00C04F79EFBC}") = "FooTest", "FooTest\FooTest.csproj", "{650E20F5-28AE-4F12-BC29-8A07E135C4CA}"
EndProject
Global
	GlobalSection(SolutionConfigurationPlatforms) = preSolution
		Debug|Any CPU = Debug|Any CPU
		Release|Any CPU = Release|Any CPU
	EndGlobalSection
	GlobalSection(SolutionProperties) = preSolution
		HideSolutionNode = FALSE
	EndGlobalSection
	GlobalSection(ProjectConfigurationPlatforms) = postSolution
		{9C40DDE2-E513-4A45-B52C-68F4871CF1D5}.Debug|Any CPU.ActiveCfg = Debug|Any CPU
		{9C40DDE2-E513-4A45-B52C-68F4871CF1D5}.Debug|Any CPU.Build.0 = Debug|Any CPU
		{9C40DDE2-E513-4A45-B52C-68F4871CF1D5}.Release|Any CPU.ActiveCfg = Release|Any CPU
		{9C40DDE2-E513-4A45-B52C-68F4871CF1D5}.Release|Any CPU.Build.0 = Release|Any CPU
		{2A29822C-8E49-4957-91DA-C2B0EFD7AFCD}.Debug|Any CPU.ActiveCfg = Debug|Any CPU
		{2A29822C-8E49-4957-91DA-C2B0EFD7AFCD}.Debug|Any CPU.Build.0 = Debug|Any CPU
		{2A29822C-8E49-4957-91DA-C2B0EFD7AFCD}.Release|Any CPU.ActiveCfg = Release|Any CPU
		{2A29822C-8E49-4957-91DA-C2B0EFD7AFCD}.Release|Any CPU.Build.0 = Release|Any CPU
		{650E20F5-28AE-4F12-BC29-8A07E135C4CA}.Debug|Any CPU.ActiveCfg = Debug|Any CPU
		{650E20F5-28AE-4F12-BC29-8A07E135C4CA}.Debug|Any CPU.Build.0 = Debug|Any CPU
		{650E20F5-28AE-4F12-BC29-8A07E135C4CA}.Release|Any CPU.ActiveCfg = Release|Any CPU
		{650E20F5-28AE-4F12-BC29-8A07E135C4CA}.Release|Any CPU.Build.0 = Release|Any CPU
	EndGlobalSection
EndGlobal
