
Microsoft Visual Studio Solution File, Format Version 12.00
# Visual Studio Version 17
VisualStudioVersion = 17.0.31903.59
MinimumVisualStudioVersion = 10.0.40219.1
Project("{FAE04EC0-301F-11D3-BF4B-00C04F79EFBC}") = "SuperAdventure", "SuperAdventure\SuperAdventure.csproj", "{D5EDFD2D-9310-4A20-8EBD-62E607726E93}"
EndProject
Project("{FAE04EC0-301F-11D3-BF4B-00C04F79EFBC}") = "Engine", "Engine\Engine.csproj", "{86DECCB9-D3A5-4E8F-8407-3BF998080FEF}"
EndProject
Project("{FAE04EC0-301F-11D3-BF4B-00C04F79EFBC}") = "SuperAdventureConsole", "SuperAdventureConsole\SuperAdventureConsole.csproj", "{254EFDB6-5855-43FD-91BC-E4B3DA3350EF}"
EndProject
Global
	GlobalSection(SolutionConfigurationPlatforms) = preSolution
		Debug|Any CPU = Debug|Any CPU
		Release|Any CPU = Release|Any CPU
	EndGlobalSection
	GlobalSection(ProjectConfigurationPlatforms) = postSolution
		{D5EDFD2D-9310-4A20-8EBD-62E607726E93}.Debug|Any CPU.ActiveCfg = Debug|Any CPU
		{D5EDFD2D-9310-4A20-8EBD-62E607726E93}.Debug|Any CPU.Build.0 = Debug|Any CPU
		{D5EDFD2D-9310-4A20-8EBD-62E607726E93}.Release|Any CPU.ActiveCfg = Release|Any CPU
		{D5EDFD2D-9310-4A20-8EBD-62E607726E93}.Release|Any CPU.Build.0 = Release|Any CPU
		{86DECCB9-D3A5-4E8F-8407-3BF998080FEF}.Debug|Any CPU.ActiveCfg = Debug|Any CPU
		{86DECCB9-D3A5-4E8F-8407-3BF998080FEF}.Debug|Any CPU.Build.0 = Debug|Any CPU
		{86DECCB9-D3A5-4E8F-8407-3BF998080FEF}.Release|Any CPU.ActiveCfg = Release|Any CPU
		{86DECCB9-D3A5-4E8F-8407-3BF998080FEF}.Release|Any CPU.Build.0 = Release|Any CPU
		{254EFDB6-5855-43FD-91BC-E4B3DA3350EF}.Debug|Any CPU.ActiveCfg = Debug|Any CPU
		{254EFDB6-5855-43FD-91BC-E4B3DA3350EF}.Debug|Any CPU.Build.0 = Debug|Any CPU
		{254EFDB6-5855-43FD-91BC-E4B3DA3350EF}.Release|Any CPU.ActiveCfg = Release|Any CPU
		{254EFDB6-5855-43FD-91BC-E4B3DA3350EF}.Release|Any CPU.Build.0 = Release|Any CPU
	EndGlobalSection
	GlobalSection(SolutionProperties) = preSolution
		HideSolutionNode = FALSE
	EndGlobalSection
	GlobalSection(ExtensibilityGlobals) = postSolution
		SolutionGuid = {80CAE467-44E3-4D80-9837-2EC94E066E03}
	EndGlobalSection
EndGlobal
